<?xml version="1.0" encoding="utf-8"?>
<Project ToolsVersion="4.0" xmlns="http://schemas.microsoft.com/developer/msbuild/2003">
  <ItemGroup>
    <Filter Include="Source Files">
      <UniqueIdentifier>{4FC737F1-C7A5-4376-A066-2A32D752A2FF}</UniqueIdentifier>
      <Extensions>cpp;c;cc;cxx;def;odl;idl;hpj;bat;asm;asmx</Extensions>
    </Filter>
    <Filter Include="Header Files">
      <UniqueIdentifier>{93995380-89BD-4b04-88EB-625FBE52EBFB}</UniqueIdentifier>
      <Extensions>h;hh;hpp;hxx;hm;inl;inc;xsd</Extensions>
    </Filter>
    <Filter Include="Resource Files">
      <UniqueIdentifier>{67DA6AB6-F800-4c08-8B7A-83BB121AAD01}</UniqueIdentifier>
      <Extensions>rc;ico;cur;bmp;dlg;rc2;rct;bin;rgs;gif;jpg;jpeg;jpe;resx;tiff;tif;png;wav;mfcribbon-ms</Extensions>
    </Filter>
    <Filter Include="Header Files\sbe">
      <UniqueIdentifier>{1d0b02c2-dc91-45d8-90f4-69c9ba9b774c}</UniqueIdentifier>
    </Filter>
  </ItemGroup>
  <ItemGroup>
    <Xml Include="pom.xml">
      <Filter>Resource Files</Filter>
    </Xml>
    <Xml Include="src\nar\resources\noarch\omdc-sbe.xml">
      <Filter>Resource Files</Filter>
    </Xml>
    <Xml Include="pom-gen.xml">
      <Filter>Resource Files</Filter>
    </Xml>
  </ItemGroup>
  <ItemGroup>
    <ClInclude Include="src\main\include\openomd\parser.h">
      <Filter>Header Files</Filter>
    </ClInclude>
    <ClInclude Include="src\main\include\openomd\omdparser.h">
      <Filter>Header Files</Filter>
    </ClInclude>
    <ClInclude Include="src\main\include\omdc_sbe\AddOrder.h">
      <Filter>Header Files\sbe</Filter>
    </ClInclude>
    <ClInclude Include="src\main\include\omdc_sbe\AggregateOrderBookUpdate.h">
      <Filter>Header Files\sbe</Filter>
    </ClInclude>
    <ClInclude Include="src\main\include\omdc_sbe\DeleteOrder.h">
      <Filter>Header Files\sbe</Filter>
    </ClInclude>
    <ClInclude Include="src\main\include\omdc_sbe\GroupSize.h">
      <Filter>Header Files\sbe</Filter>
    </ClInclude>
    <ClInclude Include="src\main\include\omdc_sbe\MessageHeader.h">
      <Filter>Header Files\sbe</Filter>
    </ClInclude>
    <ClInclude Include="src\main\include\omdc_sbe\ModifyOrder.h">
      <Filter>Header Files\sbe</Filter>
    </ClInclude>
  </ItemGroup>
  <ItemGroup>
    <ClCompile Include="src\main\c\omdparser.cpp">
      <Filter>Source Files</Filter>
    </ClCompile>
  </ItemGroup>
</Project>